{
  "name": "HEC VIDEO",
  "lockfileVersion": 2,
  "requires": true,
  "packages": {
    "": {
      "dependencies": {
        "agora-rtm-sdk": "^1.4.4"
      }
    },
    "node_modules/agora-rtm-sdk": {
      "version": "1.4.4",
      "resolved": "https://registry.npmjs.org/agora-rtm-sdk/-/agora-rtm-sdk-1.4.4.tgz",
      "integrity": "sha512-Cks9kOJQ94HNle6s9mRqozf8VEwQD2WDrjJyA30rV3odBJ1UUDsASE5AItdr0znD8RDx0D7V+vpI9A9VQzmgvw=="
    }
  },
  "dependencies": {
    "agora-rtm-sdk": {
      "version": "1.4.4",
      "resolved": "https://registry.npmjs.org/agora-rtm-sdk/-/agora-rtm-sdk-1.4.4.tgz",
      "integrity": "sha512-Cks9kOJQ94HNle6s9mRqozf8VEwQD2WDrjJyA30rV3odBJ1UUDsASE5AItdr0znD8RDx0D7V+vpI9A9VQzmgvw=="
    }
  }
}
